
Microsoft Visual Studio Solution File, Format Version 12.00
# Visual Studio Version 17
VisualStudioVersion = 17.0.32014.148
MinimumVisualStudioVersion = 10.0.40219.1
Project("{2150E333-8FDC-42A3-9474-1A3956D46DE8}") = "Aplication", "Aplication", "{1D7954FB-9EB8-4559-A05F-8EB349CBEF6E}"
EndProject
Project("{2150E333-8FDC-42A3-9474-1A3956D46DE8}") = "Domain", "Domain", "{4B53006F-BCDF-490B-96AF-B6E02A80BDA3}"
EndProject
Project("{2150E333-8FDC-42A3-9474-1A3956D46DE8}") = "Service", "Service", "{267D1FAF-3B88-4310-8AB5-B788660A1BBB}"
EndProject
Project("{2150E333-8FDC-42A3-9474-1A3956D46DE8}") = "Infra", "Infra", "{2D5973AC-D735-40AB-9633-A4F65AEC0C68}"
EndProject
Project("{9A19103F-16F7-4668-BE54-9A1E7A4F7556}") = "DeslocamentoAPI.Domain", "DeslocamentoAPI.Domain\DeslocamentoAPI.Domain.csproj", "{0BA44AE3-22A5-4B22-999D-4A3A2DF19D30}"
EndProject
Project("{9A19103F-16F7-4668-BE54-9A1E7A4F7556}") = "DeslocamentoAPI.Data", "Deslocamento.Data\DeslocamentoAPI.Data.csproj", "{52BE7460-7623-4937-ACB7-F2A132BE3631}"
EndProject
Project("{9A19103F-16F7-4668-BE54-9A1E7A4F7556}") = "DeslocamentoAPI.WebAPI", "DeslocamentoAPI.WebAPI\DeslocamentoAPI.WebAPI.csproj", "{2064B04A-801D-4E47-AEF0-AA95B02C2956}"
EndProject
Project("{9A19103F-16F7-4668-BE54-9A1E7A4F7556}") = "DeslocamentoAPI.Application", "Deslocamento.Aplication\DeslocamentoAPI.Application.csproj", "{528B254B-A4EE-4D4B-9557-B60526A00307}"
EndProject
Global
	GlobalSection(SolutionConfigurationPlatforms) = preSolution
		Debug|Any CPU = Debug|Any CPU
		Release|Any CPU = Release|Any CPU
	EndGlobalSection
	GlobalSection(ProjectConfigurationPlatforms) = postSolution
		{0BA44AE3-22A5-4B22-999D-4A3A2DF19D30}.Debug|Any CPU.ActiveCfg = Debug|Any CPU
		{0BA44AE3-22A5-4B22-999D-4A3A2DF19D30}.Debug|Any CPU.Build.0 = Debug|Any CPU
		{0BA44AE3-22A5-4B22-999D-4A3A2DF19D30}.Release|Any CPU.ActiveCfg = Release|Any CPU
		{0BA44AE3-22A5-4B22-999D-4A3A2DF19D30}.Release|Any CPU.Build.0 = Release|Any CPU
		{52BE7460-7623-4937-ACB7-F2A132BE3631}.Debug|Any CPU.ActiveCfg = Debug|Any CPU
		{52BE7460-7623-4937-ACB7-F2A132BE3631}.Debug|Any CPU.Build.0 = Debug|Any CPU
		{52BE7460-7623-4937-ACB7-F2A132BE3631}.Release|Any CPU.ActiveCfg = Release|Any CPU
		{52BE7460-7623-4937-ACB7-F2A132BE3631}.Release|Any CPU.Build.0 = Release|Any CPU
		{2064B04A-801D-4E47-AEF0-AA95B02C2956}.Debug|Any CPU.ActiveCfg = Debug|Any CPU
		{2064B04A-801D-4E47-AEF0-AA95B02C2956}.Debug|Any CPU.Build.0 = Debug|Any CPU
		{2064B04A-801D-4E47-AEF0-AA95B02C2956}.Release|Any CPU.ActiveCfg = Release|Any CPU
		{2064B04A-801D-4E47-AEF0-AA95B02C2956}.Release|Any CPU.Build.0 = Release|Any CPU
		{528B254B-A4EE-4D4B-9557-B60526A00307}.Debug|Any CPU.ActiveCfg = Debug|Any CPU
		{528B254B-A4EE-4D4B-9557-B60526A00307}.Debug|Any CPU.Build.0 = Debug|Any CPU
		{528B254B-A4EE-4D4B-9557-B60526A00307}.Release|Any CPU.ActiveCfg = Release|Any CPU
		{528B254B-A4EE-4D4B-9557-B60526A00307}.Release|Any CPU.Build.0 = Release|Any CPU
	EndGlobalSection
	GlobalSection(SolutionProperties) = preSolution
		HideSolutionNode = FALSE
	EndGlobalSection
	GlobalSection(NestedProjects) = preSolution
		{0BA44AE3-22A5-4B22-999D-4A3A2DF19D30} = {4B53006F-BCDF-490B-96AF-B6E02A80BDA3}
		{52BE7460-7623-4937-ACB7-F2A132BE3631} = {2D5973AC-D735-40AB-9633-A4F65AEC0C68}
		{2064B04A-801D-4E47-AEF0-AA95B02C2956} = {1D7954FB-9EB8-4559-A05F-8EB349CBEF6E}
		{528B254B-A4EE-4D4B-9557-B60526A00307} = {1D7954FB-9EB8-4559-A05F-8EB349CBEF6E}
	EndGlobalSection
	GlobalSection(ExtensibilityGlobals) = postSolution
		SolutionGuid = {D0152792-2AFF-4033-B61E-7868876CCB90}
	EndGlobalSection
EndGlobal
